# THIS IS AN AUTOGENERATED FILE. DO NOT EDIT THIS FILE DIRECTLY.
# yarn lockfile v1


"@aws-cdk/assets@1.133.0":
  version "1.133.0"
  resolved "https://registry.yarnpkg.com/@aws-cdk/assets/-/assets-1.133.0.tgz#f9b0e2f106ca52999c7734b2e6df75cc4a57aac3"
  integrity sha512-SI3GuEKvdqjaQSNEyHnzhuuiIt/+CsIF28VYFJ1gTZKuku9D9lTf1iNdduhalNg20RKYHrDL7PVYL2R4vPECoQ==
  dependencies:
    "@aws-cdk/core" "1.133.0"
    "@aws-cdk/cx-api" "1.133.0"
    constructs "^3.3.69"

"@aws-cdk/aws-applicationautoscaling@1.133.0":
  version "1.133.0"
  resolved "https://registry.yarnpkg.com/@aws-cdk/aws-applicationautoscaling/-/aws-applicationautoscaling-1.133.0.tgz#fa0b9fe4f2b8890a15e41c4e0b8f5f7425dae231"
  integrity sha512-8OFLRSLPV0BdGL8rdYOG8phM0foFHW0WqDHEofomRpKZNtpcAhXg7cfqbiQ8zXbc6oNQhMpQzjCNpkPlAWQRBw==
  dependencies:
    "@aws-cdk/aws-autoscaling-common" "1.133.0"
    "@aws-cdk/aws-cloudwatch" "1.133.0"
    "@aws-cdk/aws-iam" "1.133.0"
    "@aws-cdk/core" "1.133.0"
    constructs "^3.3.69"

"@aws-cdk/aws-autoscaling-common@1.133.0":
  version "1.133.0"
  resolved "https://registry.yarnpkg.com/@aws-cdk/aws-autoscaling-common/-/aws-autoscaling-common-1.133.0.tgz#8bf67f7bb21be3d893528d7b41f81f92130f6674"
  integrity sha512-Pz2ewTfxRLvV1lIuNoHwqMf8zsgHhlk2kOaSzUDdj1MAN22bE/i63wbWaL15GTWICNWgiFWb+YsdWlApBGullQ==
  dependencies:
    "@aws-cdk/aws-iam" "1.133.0"
    "@aws-cdk/core" "1.133.0"
    constructs "^3.3.69"

"@aws-cdk/aws-cloudwatch@1.133.0":
  version "1.133.0"
  resolved "https://registry.yarnpkg.com/@aws-cdk/aws-cloudwatch/-/aws-cloudwatch-1.133.0.tgz#327ac46bdf72aa01178501e08daaf0706188d841"
  integrity sha512-Mmqvkf4tlwz2mwOWE5m4uSyLOk49Mrc+C2eVW1zTrNPjJ+Xa1oYv/mtOm6Moo4P2pjUrU9hQD4bmkRCCiPNKvg==
  dependencies:
    "@aws-cdk/aws-iam" "1.133.0"
    "@aws-cdk/core" "1.133.0"
    constructs "^3.3.69"

"@aws-cdk/aws-codeguruprofiler@1.133.0":
  version "1.133.0"
  resolved "https://registry.yarnpkg.com/@aws-cdk/aws-codeguruprofiler/-/aws-codeguruprofiler-1.133.0.tgz#c68aaf85ec4c93608fb1b0bfde0a4a608ec4bac0"
  integrity sha512-qicDRo1pFHpDT4FuTEy+mMuHtpnG50yKREnJtK3of1XzrN/4HPI+tBCEzQbOm0VCYlSnhu/em+CsZYlbNV9Slw==
  dependencies:
    "@aws-cdk/aws-iam" "1.133.0"
    "@aws-cdk/core" "1.133.0"
    constructs "^3.3.69"

"@aws-cdk/aws-ec2@1.133.0":
  version "1.133.0"
  resolved "https://registry.yarnpkg.com/@aws-cdk/aws-ec2/-/aws-ec2-1.133.0.tgz#8d462d82a1458833b35d5ae52354c2c3c7f0f7d0"
  integrity sha512-sRdlC8GO04BKAz3s4SrNoAd0XU0X42zitRsEU8U2N/gssyFuhHFv16R3lg9E8zJp7dbk+xTR5ublNAp1mW8YUA==
  dependencies:
    "@aws-cdk/aws-cloudwatch" "1.133.0"
    "@aws-cdk/aws-iam" "1.133.0"
    "@aws-cdk/aws-kms" "1.133.0"
    "@aws-cdk/aws-logs" "1.133.0"
    "@aws-cdk/aws-s3" "1.133.0"
    "@aws-cdk/aws-s3-assets" "1.133.0"
    "@aws-cdk/aws-ssm" "1.133.0"
    "@aws-cdk/cloud-assembly-schema" "1.133.0"
    "@aws-cdk/core" "1.133.0"
    "@aws-cdk/cx-api" "1.133.0"
    "@aws-cdk/region-info" "1.133.0"
    constructs "^3.3.69"

"@aws-cdk/aws-ecr-assets@1.133.0":
  version "1.133.0"
  resolved "https://registry.yarnpkg.com/@aws-cdk/aws-ecr-assets/-/aws-ecr-assets-1.133.0.tgz#0ec1e5516299dfbf99cc6620eebd8ea244afa6eb"
  integrity sha512-zSAd38ieq9VDtjDteCPm21NyHU630W4eV3KD1yRgOlquKytsGzLwFqO0BSzNbo7cPw48bVVp+x0+fKX2QYV6Qw==
  dependencies:
    "@aws-cdk/assets" "1.133.0"
    "@aws-cdk/aws-ecr" "1.133.0"
    "@aws-cdk/aws-iam" "1.133.0"
    "@aws-cdk/aws-s3" "1.133.0"
    "@aws-cdk/core" "1.133.0"
    "@aws-cdk/cx-api" "1.133.0"
    constructs "^3.3.69"
    minimatch "^3.0.4"

"@aws-cdk/aws-ecr@1.133.0":
  version "1.133.0"
  resolved "https://registry.yarnpkg.com/@aws-cdk/aws-ecr/-/aws-ecr-1.133.0.tgz#6d17450679e232f589d039a1121d52822ddca61c"
  integrity sha512-hewEpHugkFaxIuyfQ0xwdGmjXuwmfvt+hq0i5zUCFcLHtrWfA2iekDk+lrnjylJNN47hO9MsWlR7hvpIwwEiZg==
  dependencies:
    "@aws-cdk/aws-events" "1.133.0"
    "@aws-cdk/aws-iam" "1.133.0"
    "@aws-cdk/core" "1.133.0"
    constructs "^3.3.69"

"@aws-cdk/aws-efs@1.133.0":
  version "1.133.0"
  resolved "https://registry.yarnpkg.com/@aws-cdk/aws-efs/-/aws-efs-1.133.0.tgz#85b152f7f8fc3a41e6ccc341a637dfcc8e1a0835"
  integrity sha512-ZKvOvXnHCg9wgAc50V04y/An+HpsSmCjSwnIMIwDyzEpZ7sTfm3zRZdmaG4nv8EU7fPhdjVsXLp+ljS+yfpbzw==
  dependencies:
    "@aws-cdk/aws-ec2" "1.133.0"
    "@aws-cdk/aws-iam" "1.133.0"
    "@aws-cdk/aws-kms" "1.133.0"
    "@aws-cdk/cloud-assembly-schema" "1.133.0"
    "@aws-cdk/core" "1.133.0"
    "@aws-cdk/cx-api" "1.133.0"
    constructs "^3.3.69"

"@aws-cdk/aws-events@1.133.0":
  version "1.133.0"
  resolved "https://registry.yarnpkg.com/@aws-cdk/aws-events/-/aws-events-1.133.0.tgz#86b6d25d141a10850e99a349b66f8b7504356da3"
  integrity sha512-zO8DUZroZaQnWGVKEfz2dodH9vCFgNVwaxb4ajqa6YZCHuockfTCI7XF43efmsTmys94+jYffXilUFvu1zn+aw==
  dependencies:
    "@aws-cdk/aws-iam" "1.133.0"
    "@aws-cdk/core" "1.133.0"
    constructs "^3.3.69"

"@aws-cdk/aws-iam@1.133.0":
  version "1.133.0"
  resolved "https://registry.yarnpkg.com/@aws-cdk/aws-iam/-/aws-iam-1.133.0.tgz#b190c99675791e1071aeb09a0a4648197c1b51b3"
  integrity sha512-y/UoS+4WTE8MEROFRlvba45z3Smf2E7ppNiOMmnvtEMkzmbAwr9QD/OQiEAfzb9quk2yoyTxNMqkbwCQTKNJCQ==
  dependencies:
    "@aws-cdk/core" "1.133.0"
    "@aws-cdk/region-info" "1.133.0"
    constructs "^3.3.69"

"@aws-cdk/aws-kms@1.133.0":
  version "1.133.0"
  resolved "https://registry.yarnpkg.com/@aws-cdk/aws-kms/-/aws-kms-1.133.0.tgz#18ae01ea9800b664643fe7c05a2b7ceeaa578a24"
  integrity sha512-tBn0lTyvfD5ubr9+1T/5g9nN8X289WbHx3FDGSP87UAdng4dZFiGQUmtMJ4SMEWGPYY0pwdltxjIaVILNqfbQg==
  dependencies:
    "@aws-cdk/aws-iam" "1.133.0"
    "@aws-cdk/cloud-assembly-schema" "1.133.0"
    "@aws-cdk/core" "1.133.0"
    "@aws-cdk/cx-api" "1.133.0"
    constructs "^3.3.69"

"@aws-cdk/aws-lambda-nodejs@1.133.0":
  version "1.133.0"
  resolved "https://registry.yarnpkg.com/@aws-cdk/aws-lambda-nodejs/-/aws-lambda-nodejs-1.133.0.tgz#46e43cb975243fb5170a66e17958d60c0c42418c"
  integrity sha512-LxJ13Do/HhGvLXIhKqWGGndAiSs1gBOMSiWhut5mRZKXxxiKNSglTCeBh4bAouBSy46+e11y+OE6rO9BUMev4w==
  dependencies:
    "@aws-cdk/aws-lambda" "1.133.0"
    "@aws-cdk/core" "1.133.0"
    constructs "^3.3.69"

"@aws-cdk/aws-lambda@1.133.0":
  version "1.133.0"
  resolved "https://registry.yarnpkg.com/@aws-cdk/aws-lambda/-/aws-lambda-1.133.0.tgz#2a98bb8c94c2f2a0183b9a7c6f2917057ac25f4f"
  integrity sha512-JmK5ENBidIOus5iBrRI8XJiJtk1ls3ZmVHhslJB0MDumy5FMdctgH7SemTIUbqZk3BYFxmTMl+lKut0/VXoPZw==
  dependencies:
    "@aws-cdk/aws-applicationautoscaling" "1.133.0"
    "@aws-cdk/aws-cloudwatch" "1.133.0"
    "@aws-cdk/aws-codeguruprofiler" "1.133.0"
    "@aws-cdk/aws-ec2" "1.133.0"
    "@aws-cdk/aws-ecr" "1.133.0"
    "@aws-cdk/aws-ecr-assets" "1.133.0"
    "@aws-cdk/aws-efs" "1.133.0"
    "@aws-cdk/aws-events" "1.133.0"
    "@aws-cdk/aws-iam" "1.133.0"
    "@aws-cdk/aws-kms" "1.133.0"
    "@aws-cdk/aws-logs" "1.133.0"
    "@aws-cdk/aws-s3" "1.133.0"
    "@aws-cdk/aws-s3-assets" "1.133.0"
    "@aws-cdk/aws-signer" "1.133.0"
    "@aws-cdk/aws-sqs" "1.133.0"
    "@aws-cdk/core" "1.133.0"
    "@aws-cdk/cx-api" "1.133.0"
    "@aws-cdk/region-info" "1.133.0"
    constructs "^3.3.69"

"@aws-cdk/aws-logs@1.133.0":
  version "1.133.0"
  resolved "https://registry.yarnpkg.com/@aws-cdk/aws-logs/-/aws-logs-1.133.0.tgz#2a9b839918cb29d04e6ce9241b69f420e258f35d"
  integrity sha512-2Doi8/KGUIQFiBhZMXP3rZCcUFnSZ/mGDqUvEsKLpNq9ahQ9U3sqipOV74d1ghrL0eOA9z5rVEBbo3WwQbH2SQ==
  dependencies:
    "@aws-cdk/aws-cloudwatch" "1.133.0"
    "@aws-cdk/aws-iam" "1.133.0"
    "@aws-cdk/aws-kms" "1.133.0"
    "@aws-cdk/aws-s3-assets" "1.133.0"
    "@aws-cdk/core" "1.133.0"
    "@aws-cdk/cx-api" "1.133.0"
    constructs "^3.3.69"

"@aws-cdk/aws-s3-assets@1.133.0":
  version "1.133.0"
  resolved "https://registry.yarnpkg.com/@aws-cdk/aws-s3-assets/-/aws-s3-assets-1.133.0.tgz#cb29320f84cf357bc6e33c44ad4b0a90ef6f609d"
  integrity sha512-+NrOO3RAY2wgG19VGKcFbbGJdlYutGkYiggN8rylbnwopBxTja4MibtQJ35X0gE8kT6iD1s/KChjcQzldWRDig==
  dependencies:
    "@aws-cdk/assets" "1.133.0"
    "@aws-cdk/aws-iam" "1.133.0"
    "@aws-cdk/aws-kms" "1.133.0"
    "@aws-cdk/aws-s3" "1.133.0"
    "@aws-cdk/core" "1.133.0"
    "@aws-cdk/cx-api" "1.133.0"
    constructs "^3.3.69"

"@aws-cdk/aws-s3@1.133.0":
  version "1.133.0"
  resolved "https://registry.yarnpkg.com/@aws-cdk/aws-s3/-/aws-s3-1.133.0.tgz#37e182a2a762004d59b35d9d2bcb5741889486b3"
  integrity sha512-KIFNl/CYf1lfz83XNC2V4RxkFidAt2eDuUtiNKJIlDVjptKnhCaodt4lqE2E3dXOShF0Mf3xnPRhPz0PEm6j9w==
  dependencies:
    "@aws-cdk/aws-events" "1.133.0"
    "@aws-cdk/aws-iam" "1.133.0"
    "@aws-cdk/aws-kms" "1.133.0"
    "@aws-cdk/core" "1.133.0"
    "@aws-cdk/cx-api" "1.133.0"
    constructs "^3.3.69"

"@aws-cdk/aws-signer@1.133.0":
  version "1.133.0"
  resolved "https://registry.yarnpkg.com/@aws-cdk/aws-signer/-/aws-signer-1.133.0.tgz#708bd7fb13dee6d1b1137ad65919210064f99967"
  integrity sha512-SecHN1WL49Z2i4abkajwUnaB109AzJR3rIhX2dKEJCFRPgNeqFF4UpG2LsJH0qK4XSE+UijCXNnRsJjUL1Dmog==
  dependencies:
    "@aws-cdk/core" "1.133.0"
    constructs "^3.3.69"

"@aws-cdk/aws-sqs@1.133.0":
  version "1.133.0"
  resolved "https://registry.yarnpkg.com/@aws-cdk/aws-sqs/-/aws-sqs-1.133.0.tgz#a8fcedd818954faca9e2be829b1b7c88b3a7b568"
  integrity sha512-wUyi+AyoKk0sI45VRKEw7HcOW9013NfQQ4f7EwrEHNF44TSrX6yMb2SJs7hwd85zNNm2OkEgN2S+vFDI+ayzDg==
  dependencies:
    "@aws-cdk/aws-cloudwatch" "1.133.0"
    "@aws-cdk/aws-iam" "1.133.0"
    "@aws-cdk/aws-kms" "1.133.0"
    "@aws-cdk/core" "1.133.0"
    constructs "^3.3.69"

"@aws-cdk/aws-ssm@1.133.0":
  version "1.133.0"
  resolved "https://registry.yarnpkg.com/@aws-cdk/aws-ssm/-/aws-ssm-1.133.0.tgz#f363affccb9474023404f450cd8945c4115f5360"
  integrity sha512-A7+L4ucN/8yxhhGFLedkzKsgmr3gTQbYj+0qn9lVhy/+SmSF7AuRCGVP8zoBvrDW88lQGU5cdGC/FigEqEXOqA==
  dependencies:
    "@aws-cdk/aws-iam" "1.133.0"
    "@aws-cdk/aws-kms" "1.133.0"
    "@aws-cdk/cloud-assembly-schema" "1.133.0"
    "@aws-cdk/core" "1.133.0"
    constructs "^3.3.69"

"@aws-cdk/cloud-assembly-schema@1.133.0":
  version "1.133.0"
  resolved "https://registry.yarnpkg.com/@aws-cdk/cloud-assembly-schema/-/cloud-assembly-schema-1.133.0.tgz#44e1b821b76530963e7dbbb511f44ea9cc835e53"
  integrity sha512-58h2E0QIG7yujrZFnoc18si1Uxs47KbucE2HciTGd2wdjFfpTLxHQqnoOxIYi1mkwtQwHL5VikCB+o9WMnSPYg==
  dependencies:
    jsonschema "^1.4.0"
    semver "^7.3.5"

"@aws-cdk/core@1.133.0":
  version "1.133.0"
  resolved "https://registry.yarnpkg.com/@aws-cdk/core/-/core-1.133.0.tgz#5e3027a1904c5173c0e3dff748f4f6db92c885db"
  integrity sha512-LOL5FnTsLdbzb1Wkzav1ylK9x8XLySpjDwuBVNuZC5H1+IV3ufXn3LU9zV5VR3u6pDQqblOKcrwFX/Z5RpnHjw==
  dependencies:
    "@aws-cdk/cloud-assembly-schema" "1.133.0"
    "@aws-cdk/cx-api" "1.133.0"
    "@aws-cdk/region-info" "1.133.0"
    "@balena/dockerignore" "^1.0.2"
    constructs "^3.3.69"
    fs-extra "^9.1.0"
    ignore "^5.1.9"
    minimatch "^3.0.4"

"@aws-cdk/cx-api@1.133.0":
  version "1.133.0"
  resolved "https://registry.yarnpkg.com/@aws-cdk/cx-api/-/cx-api-1.133.0.tgz#ebd0792ae6ff4bb4d3dac42e4dbf8576f267c996"
  integrity sha512-r2f1y2euBU7qlN32vbwfU8zNNIIDYIP/RycDRETb2QFYkST/ANnW7FY/7Ft4imFXktsqrVAMEzEBmjoINOLWhg==
  dependencies:
    "@aws-cdk/cloud-assembly-schema" "1.133.0"
    semver "^7.3.5"

"@aws-cdk/region-info@1.133.0":
  version "1.133.0"
  resolved "https://registry.yarnpkg.com/@aws-cdk/region-info/-/region-info-1.133.0.tgz#3c7e1d2e4775426fdbaac427b45c202a72894177"
  integrity sha512-AXfnvCs9920lhPcqikP5cr4BHljTtnVyXIuLAZ5lPumTylGRo+l/02VLABYP2gxNN9DVXQabEhempQWeqeyDrg==

"@balena/dockerignore@^1.0.2":
  version "1.0.2"
  resolved "https://registry.yarnpkg.com/@balena/dockerignore/-/dockerignore-1.0.2.tgz#9ffe4726915251e8eb69f44ef3547e0da2c03e0d"
  integrity sha512-wMue2Sy4GAVTk6Ic4tJVcnfdau+gx2EnG7S+uAEe+TWJFqE4YoWN4/H8MSLj4eYJKxGg26lZwboEniNiNwZQ6Q==

"@types/node@*":
  version "16.11.9"
  resolved "https://registry.yarnpkg.com/@types/node/-/node-16.11.9.tgz#879be3ad7af29f4c1a5c433421bf99fab7047185"
  integrity sha512-MKmdASMf3LtPzwLyRrFjtFFZ48cMf8jmX5VRYrDQiJa8Ybu5VAmkqBWqKU8fdCwD8ysw4mQ9nrEHvzg6gunR7A==

"@types/node@^15.0.1":
  version "15.14.9"
  resolved "https://registry.yarnpkg.com/@types/node/-/node-15.14.9.tgz#bc43c990c3c9be7281868bbc7b8fdd6e2b57adfa"
  integrity sha512-qjd88DrCxupx/kJD5yQgZdcYKZKSIGBVDIBE1/LTGcNm3d2Np/jxojkdePDdfnBHJc5W7vSMpbJ1aB7p/Py69A==

"@types/sax@^1.2.1":
  version "1.2.3"
  resolved "https://registry.yarnpkg.com/@types/sax/-/sax-1.2.3.tgz#b630ac1403ebd7812e0bf9a10de9bf5077afb348"
  integrity sha512-+QSw6Tqvs/KQpZX8DvIl3hZSjNFLW/OqE5nlyHXtTwODaJvioN2rOWpBNEWZp2HZUFhOh+VohmJku/WxEXU2XA==
  dependencies:
    "@types/node" "*"

"@types/uuid@8.3.3":
  version "8.3.3"
  resolved "https://registry.yarnpkg.com/@types/uuid/-/uuid-8.3.3.tgz#c6a60686d953dbd1b1d45e66f4ecdbd5d471b4d0"
  integrity sha512-0LbEEx1zxrYB3pgpd1M5lEhLcXjKJnYghvhTRgaBeUivLHMDM1TzF3IJ6hXU2+8uA4Xz+5BA63mtZo5DjVT8iA==

ansi-regex@^2.0.0:
  version "2.1.1"
  resolved "https://registry.yarnpkg.com/ansi-regex/-/ansi-regex-2.1.1.tgz#c3b33ab5ee360d86e0e628f0468ae7ef27d654df"
  integrity sha1-w7M6te42DYbg5ijwRorn7yfWVN8=

ansi-regex@^5.0.1:
  version "5.0.1"
  resolved "https://registry.yarnpkg.com/ansi-regex/-/ansi-regex-5.0.1.tgz#082cb2c89c9fe8659a311a53bd6a4dc5301db304"
  integrity sha512-quJQXlTSUGL2LH9SUXo8VwsY4soanhgo6LNSm84E1LBcE8s3O0wpdiRzyR9z/ZZJMlMWv37qOOb9pdJlMUEKFQ==

aproba@^1.0.3:
  version "1.2.0"
  resolved "https://registry.yarnpkg.com/aproba/-/aproba-1.2.0.tgz#6802e6264efd18c790a1b0d517f0f2627bf2c94a"
  integrity sha512-Y9J6ZjXtoYh8RnXVCMOU/ttDmk1aBjunq9vO0ta5x85WDQiQfUF9sIPBITdbiiIVcBo03Hi3jMxigBtsddlXRw==

are-we-there-yet@~1.1.2:
  version "1.1.7"
  resolved "https://registry.yarnpkg.com/are-we-there-yet/-/are-we-there-yet-1.1.7.tgz#b15474a932adab4ff8a50d9adfa7e4e926f21146"
  integrity sha512-nxwy40TuMiUGqMyRHgCSWZ9FM4VAoRP4xUYSTv5ImRog+h9yISPbVH7H8fASCIzYn9wlEv4zvFL7uKDMCFQm3g==
  dependencies:
    delegates "^1.0.0"
    readable-stream "^2.0.6"

arg@^5.0.0:
  version "5.0.1"
  resolved "https://registry.yarnpkg.com/arg/-/arg-5.0.1.tgz#eb0c9a8f77786cad2af8ff2b862899842d7b6adb"
  integrity sha512-e0hDa9H2Z9AwFkk2qDlwhoMYE4eToKarchkQHovNdLTCYMHZHeRjI71crOh+dio4K6u1IcwubQqo79Ga4CyAQA==

at-least-node@^1.0.0:
  version "1.0.0"
  resolved "https://registry.yarnpkg.com/at-least-node/-/at-least-node-1.0.0.tgz#602cd4b46e844ad4effc92a8011a3c46e0238dc2"
  integrity sha512-+q/t7Ekv1EDY2l6Gda6LLiX14rU9TV20Wa3ofeQmwPFZbOMo9DXrLbOjFaaclkXKWidIaopwAObQDqwWtGUjqg==

aws-sdk@2.1033.0:
  version "2.1033.0"
  resolved "https://registry.yarnpkg.com/aws-sdk/-/aws-sdk-2.1033.0.tgz#8bd0084142b15cc2ca427483c36c86b27abc046b"
  integrity sha512-cgcjiuR82bhfBWTffqt6e9+Cn/UgeC6QPQTrlJy3GxwPxChthyrt/h5pekj2l4PLFvETsG10Y6CqQysJEMsncw==
  dependencies:
    buffer "4.9.2"
    events "1.1.1"
    ieee754 "1.1.13"
    jmespath "0.15.0"
    querystring "0.2.0"
    sax "1.2.1"
    url "0.10.3"
    uuid "3.3.2"
    xml2js "0.4.19"

balanced-match@^1.0.0:
  version "1.0.2"
  resolved "https://registry.yarnpkg.com/balanced-match/-/balanced-match-1.0.2.tgz#e83e3a7e3f300b34cb9d87f615fa0cbf357690ee"
  integrity sha512-3oSeUO0TMV67hN1AmbXsK4yaqU7tjiHlbxRDZOpH0KW9+CeX4bRAaX0Anxt0tx2MrpRpWwQaPwIlISEJhYU5Pw==

base64-js@^1.0.2, base64-js@^1.3.1:
  version "1.5.1"
  resolved "https://registry.yarnpkg.com/base64-js/-/base64-js-1.5.1.tgz#1b1b440160a5bf7ad40b650f095963481903930a"
  integrity sha512-AKpaYlHn8t4SVbOHCy+b5+KKgvR4vrsD8vbvrbiQJps7fKDTkjkDry6ji0rUJjC0kzbNePLwzxq8iypo41qeWA==

bl@^4.0.3:
  version "4.1.0"
  resolved "https://registry.yarnpkg.com/bl/-/bl-4.1.0.tgz#451535264182bec2fbbc83a62ab98cf11d9f7b3a"
  integrity sha512-1W07cM9gS6DcLperZfFSj+bWLtaPGSOHWhPiGzXmvVJbRLdG82sH/Kn8EtW1VqWVA54AKf2h5k5BbnIbwF3h6w==
  dependencies:
    buffer "^5.5.0"
    inherits "^2.0.4"
    readable-stream "^3.4.0"

brace-expansion@^1.1.7:
  version "1.1.11"
  resolved "https://registry.yarnpkg.com/brace-expansion/-/brace-expansion-1.1.11.tgz#3c7fcbf529d87226f3d2f52b966ff5271eb441dd"
  integrity sha512-iCuPHDFgrHX7H2vEI/5xpz07zSHB00TpugqhmYtVmMO6518mCuRMoOYFldEBl0g187ufozdaHgWKcYFb61qGiA==
  dependencies:
    balanced-match "^1.0.0"
    concat-map "0.0.1"

buffer@4.9.2:
  version "4.9.2"
  resolved "https://registry.yarnpkg.com/buffer/-/buffer-4.9.2.tgz#230ead344002988644841ab0244af8c44bbe3ef8"
  integrity sha512-xq+q3SRMOxGivLhBNaUdC64hDTQwejJ+H0T/NB1XMtTVEwNTrfFF3gAxiyW0Bu/xWEGhjVKgUcMhCrUy2+uCWg==
  dependencies:
    base64-js "^1.0.2"
    ieee754 "^1.1.4"
    isarray "^1.0.0"

buffer@^5.5.0:
  version "5.7.1"
  resolved "https://registry.yarnpkg.com/buffer/-/buffer-5.7.1.tgz#ba62e7c13133053582197160851a8f648e99eed0"
  integrity sha512-EHcyIPBQ4BSGlvjB16k5KgAJ27CIsHY/2JBmCRReo48y9rQ3MaUzWX3KVlBa4U7MyX02HdVj0K7C3WaB3ju7FQ==
  dependencies:
    base64-js "^1.3.1"
    ieee754 "^1.1.13"

chownr@^1.1.1:
  version "1.1.4"
  resolved "https://registry.yarnpkg.com/chownr/-/chownr-1.1.4.tgz#6fc9d7b42d32a583596337666e7d08084da2cc6b"
  integrity sha512-jJ0bqzaylmJtVnNgzTeSOs8DPavpbYgEr/b0YL8/2GO3xJEhInFmhKMUnEJQjZumK7KXGFhUy89PrsJWlakBVg==

class-transformer@0.4.0:
  version "0.4.0"
  resolved "https://registry.yarnpkg.com/class-transformer/-/class-transformer-0.4.0.tgz#b52144117b423c516afb44cc1c76dbad31c2165b"
  integrity sha512-ETWD/H2TbWbKEi7m9N4Km5+cw1hNcqJSxlSYhsLsNjQzWWiZIYA1zafxpK9PwVfaZ6AqR5rrjPVUBGESm5tQUA==

code-point-at@^1.0.0:
  version "1.1.0"
  resolved "https://registry.yarnpkg.com/code-point-at/-/code-point-at-1.1.0.tgz#0d070b4d043a5bea33a2f1a40e2edb3d9a4ccf77"
  integrity sha1-DQcLTQQ6W+ozovGkDi7bPZpMz3c=

color-convert@^2.0.1:
  version "2.0.1"
  resolved "https://registry.yarnpkg.com/color-convert/-/color-convert-2.0.1.tgz#72d3a68d598c9bdb3af2ad1e84f21d896abd4de3"
  integrity sha512-RRECPsj7iu/xb5oKYcsFHSppFNnsj/52OVTRKb4zP5onXwVF3zVmmToNcOfGC+CRDpfK/U584fMg38ZHCaElKQ==
  dependencies:
    color-name "~1.1.4"

color-name@^1.0.0, color-name@~1.1.4:
  version "1.1.4"
  resolved "https://registry.yarnpkg.com/color-name/-/color-name-1.1.4.tgz#c2a09a87acbde69543de6f63fa3995c826c536a2"
  integrity sha512-dOy+3AuW3a2wNbZHIuMZpTcgjGuLU/uBL/ubcZF9OXbDo8ff4O8yVp5Bf0efS8uEoYo5q4Fx7dY9OgQGXgAsQA==

color-string@^1.6.0:
  version "1.6.0"
  resolved "https://registry.yarnpkg.com/color-string/-/color-string-1.6.0.tgz#c3915f61fe267672cb7e1e064c9d692219f6c312"
  integrity sha512-c/hGS+kRWJutUBEngKKmk4iH3sD59MBkoxVapS/0wgpCz2u7XsNloxknyvBhzwEs1IbV36D9PwqLPJ2DTu3vMA==
  dependencies:
    color-name "^1.0.0"
    simple-swizzle "^0.2.2"

color@^4.0.1:
  version "4.0.1"
  resolved "https://registry.yarnpkg.com/color/-/color-4.0.1.tgz#21df44cd10245a91b1ccf5ba031609b0e10e7d67"
  integrity sha512-rpZjOKN5O7naJxkH2Rx1sZzzBgaiWECc6BYXjeCE6kF0kcASJYbUq02u7JqIHwCb/j3NhV+QhRL2683aICeGZA==
  dependencies:
    color-convert "^2.0.1"
    color-string "^1.6.0"

concat-map@0.0.1:
  version "0.0.1"
  resolved "https://registry.yarnpkg.com/concat-map/-/concat-map-0.0.1.tgz#d8a96bd77fd68df7793a73036a3ba0d5405d477b"
  integrity sha1-2Klr13/Wjfd5OnMDajug1UBdR3s=

console-control-strings@^1.0.0, console-control-strings@~1.1.0:
  version "1.1.0"
  resolved "https://registry.yarnpkg.com/console-control-strings/-/console-control-strings-1.1.0.tgz#3d7cf4464db6446ea644bf4b39507f9851008e8e"
  integrity sha1-PXz0Rk22RG6mRL9LOVB/mFEAjo4=

constructs@^3.3.69:
  version "3.3.161"
  resolved "https://registry.yarnpkg.com/constructs/-/constructs-3.3.161.tgz#9726b1d450f3b9aca7907230f2248e3fd4058ce4"
  integrity sha512-/27vW3fo0iyb3py4vKI1BduEYmv8vv8uJgLXvI+5F0Jbnn0/E+As2wkGMa7bumhzCd0Ckv/USkAXstGYVXTYQA==

core-util-is@~1.0.0:
  version "1.0.3"
  resolved "https://registry.yarnpkg.com/core-util-is/-/core-util-is-1.0.3.tgz#a6042d3634c2b27e9328f837b965fac83808db85"
  integrity sha512-ZQBvi1DcpJ4GDqanjucZ2Hj3wEO5pZDS89BWbkcrvdxksJorwUDDZamX9ldFkp9aw2lmBDLgkObEA4DWNJ9FYQ==

decompress-response@^6.0.0:
  version "6.0.0"
  resolved "https://registry.yarnpkg.com/decompress-response/-/decompress-response-6.0.0.tgz#ca387612ddb7e104bd16d85aab00d5ecf09c66fc"
  integrity sha512-aW35yZM6Bb/4oJlZncMH2LCoZtJXTRxES17vE3hoRiowU2kWHaJKFkSBDnDR+cm9J+9QhXmREyIfv0pji9ejCQ==
  dependencies:
    mimic-response "^3.1.0"

deep-extend@^0.6.0:
  version "0.6.0"
  resolved "https://registry.yarnpkg.com/deep-extend/-/deep-extend-0.6.0.tgz#c4fa7c95404a17a9c3e8ca7e1537312b736330ac"
  integrity sha512-LOHxIOaPYdHlJRtCQfDIVZtfw/ufM8+rVj649RIHzcm/vGwQRXFt6OPqIFWsm2XEMrNIEtWR64sY1LEKD2vAOA==

delegates@^1.0.0:
  version "1.0.0"
  resolved "https://registry.yarnpkg.com/delegates/-/delegates-1.0.0.tgz#84c6e159b81904fdca59a0ef44cd870d31250f9a"
  integrity sha1-hMbhWbgZBP3KWaDvRM2HDTElD5o=

detect-libc@^1.0.3:
  version "1.0.3"
  resolved "https://registry.yarnpkg.com/detect-libc/-/detect-libc-1.0.3.tgz#fa137c4bd698edf55cd5cd02ac559f91a4c4ba9b"
  integrity sha1-+hN8S9aY7fVc1c0CrFWfkaTEups=

emoji-regex@^8.0.0:
  version "8.0.0"
  resolved "https://registry.yarnpkg.com/emoji-regex/-/emoji-regex-8.0.0.tgz#e818fd69ce5ccfcb404594f842963bf53164cc37"
  integrity sha512-MSjYzcWNOA0ewAHpz0MxpYFvwg6yjy1NG3xteoqz644VCo/RPgnr1/GGt+ic3iJTzQ8Eu3TdM14SawnVUmGE6A==

end-of-stream@^1.1.0, end-of-stream@^1.4.1:
  version "1.4.4"
  resolved "https://registry.yarnpkg.com/end-of-stream/-/end-of-stream-1.4.4.tgz#5ae64a5f45057baf3626ec14da0ca5e4b2431eb0"
  integrity sha512-+uw1inIHVPQoaVuHzRyXd21icM+cnt4CzD5rW+NC1wjOUSTOs+Te7FOv7AhN7vS9x/oIyhLP5PR1H+phQAHu5Q==
  dependencies:
    once "^1.4.0"

events@1.1.1:
  version "1.1.1"
  resolved "https://registry.yarnpkg.com/events/-/events-1.1.1.tgz#9ebdb7635ad099c70dcc4c2a1f5004288e8bd924"
  integrity sha1-nr23Y1rQmccNzEwqH1AEKI6L2SQ=

expand-template@^2.0.3:
  version "2.0.3"
  resolved "https://registry.yarnpkg.com/expand-template/-/expand-template-2.0.3.tgz#6e14b3fcee0f3a6340ecb57d2e8918692052a47c"
  integrity sha512-XYfuKMvj4O35f/pOXLObndIRvyQ+/+6AhODh+OKWj9S9498pHHn/IMszH+gt0fBCRWMNfk1ZSp5x3AifmnI2vg==

fs-constants@^1.0.0:
  version "1.0.0"
  resolved "https://registry.yarnpkg.com/fs-constants/-/fs-constants-1.0.0.tgz#6be0de9be998ce16af8afc24497b9ee9b7ccd9ad"
  integrity sha512-y6OAwoSIf7FyjMIv94u+b5rdheZEjzR63GTyZJm5qh4Bi+2YgwLCcI/fPFZkL5PSixOt6ZNKm+w+Hfp/Bciwow==

fs-extra@^9.1.0:
  version "9.1.0"
  resolved "https://registry.yarnpkg.com/fs-extra/-/fs-extra-9.1.0.tgz#5954460c764a8da2094ba3554bf839e6b9a7c86d"
  integrity sha512-hcg3ZmepS30/7BSFqRvoo3DOMQu7IjqxO5nCDt+zM9XWjb33Wg7ziNT+Qvqbuc3+gWpzO02JubVyk2G4Zvo1OQ==
  dependencies:
    at-least-node "^1.0.0"
    graceful-fs "^4.2.0"
    jsonfile "^6.0.1"
    universalify "^2.0.0"

gauge@~2.7.3:
  version "2.7.4"
  resolved "https://registry.yarnpkg.com/gauge/-/gauge-2.7.4.tgz#2c03405c7538c39d7eb37b317022e325fb018bf7"
  integrity sha1-LANAXHU4w51+s3sxcCLjJfsBi/c=
  dependencies:
    aproba "^1.0.3"
    console-control-strings "^1.0.0"
    has-unicode "^2.0.0"
    object-assign "^4.1.0"
    signal-exit "^3.0.0"
    string-width "^1.0.1"
    strip-ansi "^3.0.1"
    wide-align "^1.1.0"

github-from-package@0.0.0:
  version "0.0.0"
  resolved "https://registry.yarnpkg.com/github-from-package/-/github-from-package-0.0.0.tgz#97fb5d96bfde8973313f20e8288ef9a167fa64ce"
  integrity sha1-l/tdlr/eiXMxPyDoKI75oWf6ZM4=

graceful-fs@^4.1.6, graceful-fs@^4.2.0:
  version "4.2.8"
  resolved "https://registry.yarnpkg.com/graceful-fs/-/graceful-fs-4.2.8.tgz#e412b8d33f5e006593cbd3cee6df9f2cebbe802a"
  integrity sha512-qkIilPUYcNhJpd33n0GBXTB1MMPp14TxEsEs0pTrsSVucApsYzW5V+Q8Qxhik6KU3evy+qkAAowTByymK0avdg==

has-unicode@^2.0.0:
  version "2.0.1"
  resolved "https://registry.yarnpkg.com/has-unicode/-/has-unicode-2.0.1.tgz#e0e6fe6a28cf51138855e086d1691e771de2a8b9"
  integrity sha1-4Ob+aijPUROIVeCG0Wkedx3iqLk=

ieee754@1.1.13:
  version "1.1.13"
  resolved "https://registry.yarnpkg.com/ieee754/-/ieee754-1.1.13.tgz#ec168558e95aa181fd87d37f55c32bbcb6708b84"
  integrity sha512-4vf7I2LYV/HaWerSo3XmlMkp5eZ83i+/CDluXi/IGTs/O1sejBNhTtnxzmRZfvOUqj7lZjqHkeTvpgSFDlWZTg==

ieee754@^1.1.13, ieee754@^1.1.4:
  version "1.2.1"
  resolved "https://registry.yarnpkg.com/ieee754/-/ieee754-1.2.1.tgz#8eb7a10a63fff25d15a57b001586d177d1b0d352"
  integrity sha512-dcyqhDvX1C46lXZcVqCpK+FtMRQVdIMN6/Df5js2zouUsqG7I6sFxitIC+7KYK29KdXOLHdu9zL4sFnoVQnqaA==

ignore@^5.1.9:
  version "5.1.9"
  resolved "https://registry.yarnpkg.com/ignore/-/ignore-5.1.9.tgz#9ec1a5cbe8e1446ec60d4420060d43aa6e7382fb"
  integrity sha512-2zeMQpbKz5dhZ9IwL0gbxSW5w0NK/MSAMtNuhgIHEPmaU3vPdKPL0UdvUCXs5SS4JAwsBxysK5sFMW8ocFiVjQ==

inherits@^2.0.3, inherits@^2.0.4, inherits@~2.0.3:
  version "2.0.4"
  resolved "https://registry.yarnpkg.com/inherits/-/inherits-2.0.4.tgz#0fa2c64f932917c3433a0ded55363aae37416b7c"
  integrity sha512-k/vGaX4/Yla3WzyMCvTQOXYeIHvqOKtnqBduzTHpzpQZzAskKMhZ2K+EnBiSM9zGSoIFeMpXKxa4dYeZIQqewQ==

ini@~1.3.0:
  version "1.3.8"
  resolved "https://registry.yarnpkg.com/ini/-/ini-1.3.8.tgz#a29da425b48806f34767a4efce397269af28432c"
  integrity sha512-JV/yugV2uzW5iMRSiZAyDtQd+nxtUnjeLt0acNdw98kKLrvuRVyB80tsREOE7yvGVgalhZ6RNXCmEHkUKBKxew==

is-arrayish@^0.3.1:
  version "0.3.2"
  resolved "https://registry.yarnpkg.com/is-arrayish/-/is-arrayish-0.3.2.tgz#4574a2ae56f7ab206896fb431eaeed066fdf8f03"
  integrity sha512-eVRqCvVlZbuw3GrM63ovNSNAeA1K16kaR/LRY/92w0zxQ5/1YzwblUX652i4Xs9RwAGjW9d9y6X88t8OaAJfWQ==

is-fullwidth-code-point@^1.0.0:
  version "1.0.0"
  resolved "https://registry.yarnpkg.com/is-fullwidth-code-point/-/is-fullwidth-code-point-1.0.0.tgz#ef9e31386f031a7f0d643af82fde50c457ef00cb"
  integrity sha1-754xOG8DGn8NZDr4L95QxFfvAMs=
  dependencies:
    number-is-nan "^1.0.0"

is-fullwidth-code-point@^3.0.0:
  version "3.0.0"
  resolved "https://registry.yarnpkg.com/is-fullwidth-code-point/-/is-fullwidth-code-point-3.0.0.tgz#f116f8064fe90b3f7844a38997c0b75051269f1d"
  integrity sha512-zymm5+u+sCsSWyD9qNaejV3DFvhCKclKdizYaJUuHA83RLjb7nSuGnddCHGv0hk+KY7BMAlsWeK4Ueg6EV6XQg==

isarray@^1.0.0, isarray@~1.0.0:
  version "1.0.0"
  resolved "https://registry.yarnpkg.com/isarray/-/isarray-1.0.0.tgz#bb935d48582cba168c06834957a54a3e07124f11"
  integrity sha1-u5NdSFgsuhaMBoNJV6VKPgcSTxE=

jmespath@0.15.0:
  version "0.15.0"
  resolved "https://registry.yarnpkg.com/jmespath/-/jmespath-0.15.0.tgz#a3f222a9aae9f966f5d27c796510e28091764217"
  integrity sha1-o/Iiqarp+Wb10nx5ZRDigJF2Qhc=

jsonfile@^6.0.1:
  version "6.1.0"
  resolved "https://registry.yarnpkg.com/jsonfile/-/jsonfile-6.1.0.tgz#bc55b2634793c679ec6403094eb13698a6ec0aae"
  integrity sha512-5dgndWOriYSm5cnYaJNhalLNDKOqFwyDB/rr1E9ZsGciGvKPs8R2xYGCacuf3z6K1YKDz182fd+fY3cn3pMqXQ==
  dependencies:
    universalify "^2.0.0"
  optionalDependencies:
    graceful-fs "^4.1.6"

jsonschema@^1.4.0:
  version "1.4.0"
  resolved "https://registry.yarnpkg.com/jsonschema/-/jsonschema-1.4.0.tgz#1afa34c4bc22190d8e42271ec17ac8b3404f87b2"
  integrity sha512-/YgW6pRMr6M7C+4o8kS+B/2myEpHCrxO4PEWnqJNBFMjn7EWXqlQ4tGwL6xTHeRplwuZmcAncdvfOad1nT2yMw==

lru-cache@^6.0.0:
  version "6.0.0"
  resolved "https://registry.yarnpkg.com/lru-cache/-/lru-cache-6.0.0.tgz#6d6fe6570ebd96aaf90fcad1dafa3b2566db3a94"
  integrity sha512-Jo6dJ04CmSjuznwJSS3pUeWmd/H0ffTlkXXgwZi+eq1UCmqQwCh+eLsYOYCwY991i2Fah4h1BEMCx4qThGbsiA==
  dependencies:
    yallist "^4.0.0"

mimic-response@^3.1.0:
  version "3.1.0"
  resolved "https://registry.yarnpkg.com/mimic-response/-/mimic-response-3.1.0.tgz#2d1d59af9c1b129815accc2c46a022a5ce1fa3c9"
  integrity sha512-z0yWI+4FDrrweS8Zmt4Ej5HdJmky15+L2e6Wgn3+iK5fWzb6T3fhNFq2+MeTRb064c6Wr4N/wv0DzQTjNzHNGQ==

minimatch@^3.0.4:
  version "3.0.4"
  resolved "https://registry.yarnpkg.com/minimatch/-/minimatch-3.0.4.tgz#5166e286457f03306064be5497e8dbb0c3d32083"
  integrity sha512-yJHVQEhyqPLUTgt9B83PXu6W3rx4MvvHvSUvToogpwoGDOUQ+yDrR0HRot+yOCdCO7u4hX3pWft6kWBBcqh0UA==
  dependencies:
    brace-expansion "^1.1.7"

minimist@^1.2.0, minimist@^1.2.3:
  version "1.2.5"
  resolved "https://registry.yarnpkg.com/minimist/-/minimist-1.2.5.tgz#67d66014b66a6a8aaa0c083c5fd58df4e4e97602"
  integrity sha512-FM9nNUYrRBAELZQT3xeZQ7fmMOBg6nWNmJKTcgsJeaLstP/UODVpGsr5OhXhhXg6f+qtJ8uiZ+PUxkDWcgIXLw==

mkdirp-classic@^0.5.2, mkdirp-classic@^0.5.3:
  version "0.5.3"
  resolved "https://registry.yarnpkg.com/mkdirp-classic/-/mkdirp-classic-0.5.3.tgz#fa10c9115cc6d8865be221ba47ee9bed78601113"
  integrity sha512-gKLcREMhtuZRwRAfqP3RFW+TK4JqApVBtOIftVgjuABpAtpxhPGaDcfvbhNvD0B8iD1oUr/txX35NjcaY6Ns/A==

moment@2.29.1:
  version "2.29.1"
  resolved "https://registry.yarnpkg.com/moment/-/moment-2.29.1.tgz#b2be769fa31940be9eeea6469c075e35006fa3d3"
  integrity sha512-kHmoybcPV8Sqy59DwNDY3Jefr64lK/by/da0ViFcuA4DH0vQg5Q6Ze5VimxkfQNSC+Mls/Kx53s7TjP1RhFEDQ==

napi-build-utils@^1.0.1:
  version "1.0.2"
  resolved "https://registry.yarnpkg.com/napi-build-utils/-/napi-build-utils-1.0.2.tgz#b1fddc0b2c46e380a0b7a76f984dd47c41a13806"
  integrity sha512-ONmRUqK7zj7DWX0D9ADe03wbwOBZxNAfF20PlGfCWQcD3+/MakShIHrMqx9YwPTfxDdF1zLeL+RGZiR9kGMLdg==

node-abi@^3.3.0:
  version "3.5.0"
  resolved "https://registry.yarnpkg.com/node-abi/-/node-abi-3.5.0.tgz#26e8b7b251c3260a5ac5ba5aef3b4345a0229248"
  integrity sha512-LtHvNIBgOy5mO8mPEUtkCW/YCRWYEKshIvqhe1GHHyXEHEB5mgICyYnAcl4qan3uFeRROErKGzatFHPf6kDxWw==
  dependencies:
    semver "^7.3.5"

node-addon-api@^4.2.0:
  version "4.2.0"
  resolved "https://registry.yarnpkg.com/node-addon-api/-/node-addon-api-4.2.0.tgz#117cbb5a959dff0992e1c586ae0393573e4d2a87"
  integrity sha512-eazsqzwG2lskuzBqCGPi7Ac2UgOoMz8JVOXVhTvvPDYhthvNpefx8jWD8Np7Gv+2Sz0FlPWZk0nJV0z598Wn8Q==

npmlog@^4.0.1:
  version "4.1.2"
  resolved "https://registry.yarnpkg.com/npmlog/-/npmlog-4.1.2.tgz#08a7f2a8bf734604779a9efa4ad5cc717abb954b"
  integrity sha512-2uUqazuKlTaSI/dC8AzicUck7+IrEaOnN/e0jd3Xtt1KcGpwx30v50mL7oPyr/h9bL3E4aZccVwpwP+5W9Vjkg==
  dependencies:
    are-we-there-yet "~1.1.2"
    console-control-strings "~1.1.0"
    gauge "~2.7.3"
    set-blocking "~2.0.0"

number-is-nan@^1.0.0:
  version "1.0.1"
  resolved "https://registry.yarnpkg.com/number-is-nan/-/number-is-nan-1.0.1.tgz#097b602b53422a522c1afb8790318336941a011d"
  integrity sha1-CXtgK1NCKlIsGvuHkDGDNpQaAR0=

object-assign@^4.1.0:
  version "4.1.1"
  resolved "https://registry.yarnpkg.com/object-assign/-/object-assign-4.1.1.tgz#2109adc7965887cfc05cbbd442cac8bfbb360863"
  integrity sha1-IQmtx5ZYh8/AXLvUQsrIv7s2CGM=

once@^1.3.1, once@^1.4.0:
  version "1.4.0"
  resolved "https://registry.yarnpkg.com/once/-/once-1.4.0.tgz#583b1aa775961d4b113ac17d9c50baef9dd76bd1"
  integrity sha1-WDsap3WWHUsROsF9nFC6753Xa9E=
  dependencies:
    wrappy "1"

postgres@1.0.2:
  version "1.0.2"
  resolved "https://registry.yarnpkg.com/postgres/-/postgres-1.0.2.tgz#7b9f6769934f727cec0f1d7ef58d4915a327f5dd"
  integrity sha512-zeLgt42KSUNgX/uvo+gbVxTAYwgSY6MIKuU/a8YWuObX4rtGuKrVWopvEAqIAPSO0FeHS1TsSKnqPjoufPy8NA==

prebuild-install@^7.0.0:
  version "7.0.0"
  resolved "https://registry.yarnpkg.com/prebuild-install/-/prebuild-install-7.0.0.tgz#3c5ce3902f1cb9d6de5ae94ca53575e4af0c1574"
  integrity sha512-IvSenf33K7JcgddNz2D5w521EgO+4aMMjFt73Uk9FRzQ7P+QZPKrp7qPsDydsSwjGt3T5xRNnM1bj1zMTD5fTA==
  dependencies:
    detect-libc "^1.0.3"
    expand-template "^2.0.3"
    github-from-package "0.0.0"
    minimist "^1.2.3"
    mkdirp-classic "^0.5.3"
    napi-build-utils "^1.0.1"
    node-abi "^3.3.0"
    npmlog "^4.0.1"
    pump "^3.0.0"
    rc "^1.2.7"
    simple-get "^4.0.0"
    tar-fs "^2.0.0"
    tunnel-agent "^0.6.0"

process-nextick-args@~2.0.0:
  version "2.0.1"
  resolved "https://registry.yarnpkg.com/process-nextick-args/-/process-nextick-args-2.0.1.tgz#7820d9b16120cc55ca9ae7792680ae7dba6d7fe2"
  integrity sha512-3ouUOpQhtgrbOa17J7+uxOTpITYWaGP7/AhoR3+A+/1e9skrzelGi/dXzEYyvbxubEF6Wn2ypscTKiKJFFn1ag==

pump@^3.0.0:
  version "3.0.0"
  resolved "https://registry.yarnpkg.com/pump/-/pump-3.0.0.tgz#b4a2116815bde2f4e1ea602354e8c75565107a64"
  integrity sha512-LwZy+p3SFs1Pytd/jYct4wpv49HiYCqd9Rlc5ZVdk0V+8Yzv6jR5Blk3TRmPL1ft69TxP0IMZGJ+WPFU2BFhww==
  dependencies:
    end-of-stream "^1.1.0"
    once "^1.3.1"

punycode@1.3.2:
  version "1.3.2"
  resolved "https://registry.yarnpkg.com/punycode/-/punycode-1.3.2.tgz#9653a036fb7c1ee42342f2325cceefea3926c48d"
  integrity sha1-llOgNvt8HuQjQvIyXM7v6jkmxI0=

querystring@0.2.0:
  version "0.2.0"
  resolved "https://registry.yarnpkg.com/querystring/-/querystring-0.2.0.tgz#b209849203bb25df820da756e747005878521620"
  integrity sha1-sgmEkgO7Jd+CDadW50cAWHhSFiA=

rc@^1.2.7:
  version "1.2.8"
  resolved "https://registry.yarnpkg.com/rc/-/rc-1.2.8.tgz#cd924bf5200a075b83c188cd6b9e211b7fc0d3ed"
  integrity sha512-y3bGgqKj3QBdxLbLkomlohkvsA8gdAiUQlSBJnBhfn+BPxg4bc62d8TcBW15wavDfgexCgccckhcZvywyQYPOw==
  dependencies:
    deep-extend "^0.6.0"
    ini "~1.3.0"
    minimist "^1.2.0"
    strip-json-comments "~2.0.1"

readable-stream@^2.0.6:
  version "2.3.7"
  resolved "https://registry.yarnpkg.com/readable-stream/-/readable-stream-2.3.7.tgz#1eca1cf711aef814c04f62252a36a62f6cb23b57"
  integrity sha512-Ebho8K4jIbHAxnuxi7o42OrZgF/ZTNcsZj6nRKyUmkhLFq8CHItp/fy6hQZuZmP/n3yZ9VBUbp4zz/mX8hmYPw==
  dependencies:
    core-util-is "~1.0.0"
    inherits "~2.0.3"
    isarray "~1.0.0"
    process-nextick-args "~2.0.0"
    safe-buffer "~5.1.1"
    string_decoder "~1.1.1"
    util-deprecate "~1.0.1"

readable-stream@^3.1.1, readable-stream@^3.4.0:
  version "3.6.0"
  resolved "https://registry.yarnpkg.com/readable-stream/-/readable-stream-3.6.0.tgz#337bbda3adc0706bd3e024426a286d4b4b2c9198"
  integrity sha512-BViHy7LKeTz4oNnkcLJ+lVSL6vpiFeX6/d3oSH8zCW7UxP2onchk+vTGB143xuFjHS3deTgkKoXXymXqymiIdA==
  dependencies:
    inherits "^2.0.3"
    string_decoder "^1.1.1"
    util-deprecate "^1.0.1"

safe-buffer@^5.0.1, safe-buffer@~5.2.0:
  version "5.2.1"
  resolved "https://registry.yarnpkg.com/safe-buffer/-/safe-buffer-5.2.1.tgz#1eaf9fa9bdb1fdd4ec75f58f9cdb4e6b7827eec6"
  integrity sha512-rp3So07KcdmmKbGvgaNxQSJr7bGVSVk5S9Eq1F+ppbRo70+YeaDxkw5Dd8NPN+GD6bjnYm2VuPuCXmpuYvmCXQ==

safe-buffer@~5.1.0, safe-buffer@~5.1.1:
  version "5.1.2"
  resolved "https://registry.yarnpkg.com/safe-buffer/-/safe-buffer-5.1.2.tgz#991ec69d296e0313747d59bdfd2b745c35f8828d"
  integrity sha512-Gd2UZBJDkXlY7GbJxfsE8/nvKkUEU1G38c1siN6QP6a9PT9MmHB8GnpscSmMJSoF8LOIrt8ud/wPtojys4G6+g==

sax@1.2.1:
  version "1.2.1"
  resolved "https://registry.yarnpkg.com/sax/-/sax-1.2.1.tgz#7b8e656190b228e81a66aea748480d828cd2d37a"
  integrity sha1-e45lYZCyKOgaZq6nSEgNgozS03o=

sax@>=0.6.0, sax@^1.2.4:
  version "1.2.4"
  resolved "https://registry.yarnpkg.com/sax/-/sax-1.2.4.tgz#2816234e2378bddc4e5354fab5caa895df7100d9"
  integrity sha512-NqVDv9TpANUjFm0N8uM5GxL36UgKi9/atZw+x7YFnQ8ckwFGKrl4xX4yWtrey3UJm5nP1kUbnYgLopqWNSRhWw==

semver@^7.3.5:
  version "7.3.5"
  resolved "https://registry.yarnpkg.com/semver/-/semver-7.3.5.tgz#0b621c879348d8998e4b0e4be94b3f12e6018ef7"
  integrity sha512-PoeGJYh8HK4BTO/a9Tf6ZG3veo/A7ZVsYrSA6J8ny9nb3B1VrpkuN+z9OE5wfE5p6H4LchYZsegiQgbJD94ZFQ==
  dependencies:
    lru-cache "^6.0.0"

set-blocking@~2.0.0:
  version "2.0.0"
  resolved "https://registry.yarnpkg.com/set-blocking/-/set-blocking-2.0.0.tgz#045f9782d011ae9a6803ddd382b24392b3d890f7"
  integrity sha1-BF+XgtARrppoA93TgrJDkrPYkPc=

sharp@^0.29.3:
  version "0.29.3"
  resolved "https://registry.yarnpkg.com/sharp/-/sharp-0.29.3.tgz#0da183d626094c974516a48fab9b3e4ba92eb5c2"
  integrity sha512-fKWUuOw77E4nhpyzCCJR1ayrttHoFHBT2U/kR/qEMRhvPEcluG4BKj324+SCO1e84+knXHwhJ1HHJGnUt4ElGA==
  dependencies:
    color "^4.0.1"
    detect-libc "^1.0.3"
    node-addon-api "^4.2.0"
    prebuild-install "^7.0.0"
    semver "^7.3.5"
    simple-get "^4.0.0"
    tar-fs "^2.1.1"
    tunnel-agent "^0.6.0"

signal-exit@^3.0.0:
  version "3.0.6"
  resolved "https://registry.yarnpkg.com/signal-exit/-/signal-exit-3.0.6.tgz#24e630c4b0f03fea446a2bd299e62b4a6ca8d0af"
  integrity sha512-sDl4qMFpijcGw22U5w63KmD3cZJfBuFlVNbVMKje2keoKML7X2UzWbc4XrmEbDwg0NXJc3yv4/ox7b+JWb57kQ==

simple-concat@^1.0.0:
  version "1.0.1"
  resolved "https://registry.yarnpkg.com/simple-concat/-/simple-concat-1.0.1.tgz#f46976082ba35c2263f1c8ab5edfe26c41c9552f"
  integrity sha512-cSFtAPtRhljv69IK0hTVZQ+OfE9nePi/rtJmw5UjHeVyVroEqJXP1sFztKUy1qU+xvz3u/sfYJLa947b7nAN2Q==

simple-get@^4.0.0:
  version "4.0.0"
  resolved "https://registry.yarnpkg.com/simple-get/-/simple-get-4.0.0.tgz#73fa628278d21de83dadd5512d2cc1f4872bd675"
  integrity sha512-ZalZGexYr3TA0SwySsr5HlgOOinS4Jsa8YB2GJ6lUNAazyAu4KG/VmzMTwAt2YVXzzVj8QmefmAonZIK2BSGcQ==
  dependencies:
    decompress-response "^6.0.0"
    once "^1.3.1"
    simple-concat "^1.0.0"

simple-swizzle@^0.2.2:
  version "0.2.2"
  resolved "https://registry.yarnpkg.com/simple-swizzle/-/simple-swizzle-0.2.2.tgz#a4da6b635ffcccca33f70d17cb92592de95e557a"
  integrity sha1-pNprY1/8zMoz9w0Xy5JZLeleVXo=
  dependencies:
    is-arrayish "^0.3.1"

sitemap@^7.0.0:
  version "7.0.0"
  resolved "https://registry.yarnpkg.com/sitemap/-/sitemap-7.0.0.tgz#022bef4df8cba42e38e1fe77039f234cab0372b6"
  integrity sha512-Ud0jrRQO2k7fEtPAM+cQkBKoMvxQyPKNXKDLn8tRVHxRCsdDQ2JZvw+aZ5IRYYQVAV9iGxEar6boTwZzev+x3g==
  dependencies:
    "@types/node" "^15.0.1"
    "@types/sax" "^1.2.1"
    arg "^5.0.0"
    sax "^1.2.4"

string-width@^1.0.1:
  version "1.0.2"
  resolved "https://registry.yarnpkg.com/string-width/-/string-width-1.0.2.tgz#118bdf5b8cdc51a2a7e70d211e07e2b0b9b107d3"
  integrity sha1-EYvfW4zcUaKn5w0hHgfisLmxB9M=
  dependencies:
    code-point-at "^1.0.0"
    is-fullwidth-code-point "^1.0.0"
    strip-ansi "^3.0.0"

"string-width@^1.0.2 || 2 || 3 || 4":
  version "4.2.3"
  resolved "https://registry.yarnpkg.com/string-width/-/string-width-4.2.3.tgz#269c7117d27b05ad2e536830a8ec895ef9c6d010"
  integrity sha512-wKyQRQpjJ0sIp62ErSZdGsjMJWsap5oRNihHhu6G7JVO/9jIB6UyevL+tXuOqrng8j/cxKTWyWUwvSTriiZz/g==
  dependencies:
    emoji-regex "^8.0.0"
    is-fullwidth-code-point "^3.0.0"
    strip-ansi "^6.0.1"

string_decoder@^1.1.1:
  version "1.3.0"
  resolved "https://registry.yarnpkg.com/string_decoder/-/string_decoder-1.3.0.tgz#42f114594a46cf1a8e30b0a84f56c78c3edac21e"
  integrity sha512-hkRX8U1WjJFd8LsDJ2yQ/wWWxaopEsABU1XfkM8A+j0+85JAGppt16cr1Whg6KIbb4okU6Mql6BOj+uup/wKeA==
  dependencies:
    safe-buffer "~5.2.0"

string_decoder@~1.1.1:
  version "1.1.1"
  resolved "https://registry.yarnpkg.com/string_decoder/-/string_decoder-1.1.1.tgz#9cf1611ba62685d7030ae9e4ba34149c3af03fc8"
  integrity sha512-n/ShnvDi6FHbbVfviro+WojiFzv+s8MPMHBczVePfUpDJLwoLT0ht1l4YwBCbi8pJAveEEdnkHyPyTP/mzRfwg==
  dependencies:
    safe-buffer "~5.1.0"

strip-ansi@^3.0.0, strip-ansi@^3.0.1:
  version "3.0.1"
  resolved "https://registry.yarnpkg.com/strip-ansi/-/strip-ansi-3.0.1.tgz#6a385fb8853d952d5ff05d0e8aaf94278dc63dcf"
  integrity sha1-ajhfuIU9lS1f8F0Oiq+UJ43GPc8=
  dependencies:
    ansi-regex "^2.0.0"

strip-ansi@^6.0.1:
  version "6.0.1"
  resolved "https://registry.yarnpkg.com/strip-ansi/-/strip-ansi-6.0.1.tgz#9e26c63d30f53443e9489495b2105d37b67a85d9"
  integrity sha512-Y38VPSHcqkFrCpFnQ9vuSXmquuv5oXOKpGeT6aGrr3o3Gc9AlVa6JBfUSOCnbxGGZF+/0ooI7KrPuUSztUdU5A==
  dependencies:
    ansi-regex "^5.0.1"

strip-json-comments@~2.0.1:
  version "2.0.1"
  resolved "https://registry.yarnpkg.com/strip-json-comments/-/strip-json-comments-2.0.1.tgz#3c531942e908c2697c0ec344858c286c7ca0a60a"
  integrity sha1-PFMZQukIwml8DsNEhYwobHygpgo=

tar-fs@^2.0.0, tar-fs@^2.1.1:
  version "2.1.1"
  resolved "https://registry.yarnpkg.com/tar-fs/-/tar-fs-2.1.1.tgz#489a15ab85f1f0befabb370b7de4f9eb5cbe8784"
  integrity sha512-V0r2Y9scmbDRLCNex/+hYzvp/zyYjvFbHPNgVTKfQvVrb6guiE/fxP+XblDNR011utopbkex2nM4dHNV6GDsng==
  dependencies:
    chownr "^1.1.1"
    mkdirp-classic "^0.5.2"
    pump "^3.0.0"
    tar-stream "^2.1.4"

tar-stream@^2.1.4:
  version "2.2.0"
  resolved "https://registry.yarnpkg.com/tar-stream/-/tar-stream-2.2.0.tgz#acad84c284136b060dc3faa64474aa9aebd77287"
  integrity sha512-ujeqbceABgwMZxEJnk2HDY2DlnUZ+9oEcb1KzTVfYHio0UE6dG71n60d8D2I4qNvleWrrXpmjpt7vZeF1LnMZQ==
  dependencies:
    bl "^4.0.3"
    end-of-stream "^1.4.1"
    fs-constants "^1.0.0"
    inherits "^2.0.3"
    readable-stream "^3.1.1"

tunnel-agent@^0.6.0:
  version "0.6.0"
  resolved "https://registry.yarnpkg.com/tunnel-agent/-/tunnel-agent-0.6.0.tgz#27a5dea06b36b04a0a9966774b290868f0fc40fd"
  integrity sha1-J6XeoGs2sEoKmWZ3SykIaPD8QP0=
  dependencies:
    safe-buffer "^5.0.1"

universalify@^2.0.0:
  version "2.0.0"
  resolved "https://registry.yarnpkg.com/universalify/-/universalify-2.0.0.tgz#75a4984efedc4b08975c5aeb73f530d02df25717"
  integrity sha512-hAZsKq7Yy11Zu1DE0OzWjw7nnLZmJZYTDZZyEFHZdUhV8FkH5MCfoU1XMaxXovpyW5nq5scPqq0ZDP9Zyl04oQ==

url@0.10.3:
  version "0.10.3"
  resolved "https://registry.yarnpkg.com/url/-/url-0.10.3.tgz#021e4d9c7705f21bbf37d03ceb58767402774c64"
  integrity sha1-Ah5NnHcF8hu/N9A861h2dAJ3TGQ=
  dependencies:
    punycode "1.3.2"
    querystring "0.2.0"

util-deprecate@^1.0.1, util-deprecate@~1.0.1:
  version "1.0.2"
  resolved "https://registry.yarnpkg.com/util-deprecate/-/util-deprecate-1.0.2.tgz#450d4dc9fa70de732762fbd2d4a28981419a0ccf"
  integrity sha1-RQ1Nyfpw3nMnYvvS1KKJgUGaDM8=

uuid@3.3.2:
  version "3.3.2"
  resolved "https://registry.yarnpkg.com/uuid/-/uuid-3.3.2.tgz#1b4af4955eb3077c501c23872fc6513811587131"
  integrity sha512-yXJmeNaw3DnnKAOKJE51sL/ZaYfWJRl1pK9dr19YFCu0ObS231AB1/LbqTKRAQ5kw8A90rA6fr4riOUpTZvQZA==

uuid@8.3.2:
  version "8.3.2"
  resolved "https://registry.yarnpkg.com/uuid/-/uuid-8.3.2.tgz#80d5b5ced271bb9af6c445f21a1a04c606cefbe2"
  integrity sha512-+NYs2QeMWy+GWFOEm9xnn6HCDp0l7QBD7ml8zLUmJ+93Q5NF0NocErnwkTkXVFNiX3/fpC6afS8Dhb/gz7R7eg==

wide-align@^1.1.0:
  version "1.1.5"
  resolved "https://registry.yarnpkg.com/wide-align/-/wide-align-1.1.5.tgz#df1d4c206854369ecf3c9a4898f1b23fbd9d15d3"
  integrity sha512-eDMORYaPNZ4sQIuuYPDHdQvf4gyCF9rEEV/yPxGfwPkRodwEgiMUUXTx/dex+Me0wxx53S+NgUHaP7y3MGlDmg==
  dependencies:
    string-width "^1.0.2 || 2 || 3 || 4"

wrappy@1:
  version "1.0.2"
  resolved "https://registry.yarnpkg.com/wrappy/-/wrappy-1.0.2.tgz#b5243d8f3ec1aa35f1364605bc0d1036e30ab69f"
  integrity sha1-tSQ9jz7BqjXxNkYFvA0QNuMKtp8=

xml2js@0.4.19:
  version "0.4.19"
  resolved "https://registry.yarnpkg.com/xml2js/-/xml2js-0.4.19.tgz#686c20f213209e94abf0d1bcf1efaa291c7827a7"
  integrity sha512-esZnJZJOiJR9wWKMyuvSE1y6Dq5LCuJanqhxslH2bxM6duahNZ+HMpCLhBQGZkbX6xRf8x1Y2eJlgt2q3qo49Q==
  dependencies:
    sax ">=0.6.0"
    xmlbuilder "~9.0.1"

xmlbuilder@~9.0.1:
  version "9.0.7"
  resolved "https://registry.yarnpkg.com/xmlbuilder/-/xmlbuilder-9.0.7.tgz#132ee63d2ec5565c557e20f4c22df9aca686b10d"
  integrity sha1-Ey7mPS7FVlxVfiD0wi35rKaGsQ0=

yallist@^4.0.0:
  version "4.0.0"
  resolved "https://registry.yarnpkg.com/yallist/-/yallist-4.0.0.tgz#9bb92790d9c0effec63be73519e11a35019a3a72"
  integrity sha512-3wdGidZyq5PB084XLES5TpOSRA3wjXAlIWMhum2kRcv/41Sn2emQ0dycQW4uZXLejwKvg6EsvbdlVL+FYEct7A==
